// !$*UTF8*$!
{
	archiveVersion = 1;
	classes = {
	};
	objectVersion = 56;
	objects = {

/* Begin PBXBuildFile section */
		6710BF392AA79B7B000034FD /* BaseRepository.swift in Sources */ = {isa = PBXBuildFile; fileRef = 6710BF382AA79B7B000034FD /* BaseRepository.swift */; };
		6710BF3D2AA7AD48000034FD /* BuyingService.swift in Sources */ = {isa = PBXBuildFile; fileRef = 6710BF3C2AA7AD48000034FD /* BuyingService.swift */; };
		6710BF402AA7C526000034FD /* BuyingResponseModel.swift in Sources */ = {isa = PBXBuildFile; fileRef = 6710BF3F2AA7C526000034FD /* BuyingResponseModel.swift */; };
		6710BF422AA7C7AB000034FD /* CollectionServiceType.swift in Sources */ = {isa = PBXBuildFile; fileRef = 6710BF412AA7C7AB000034FD /* CollectionServiceType.swift */; };
		675129E12AAC679500429CB7 /* FirestoreErrorHandle.swift in Sources */ = {isa = PBXBuildFile; fileRef = 675129E02AAC679500429CB7 /* FirestoreErrorHandle.swift */; };
		675129E52AAC686200429CB7 /* NetworkingError.swift in Sources */ = {isa = PBXBuildFile; fileRef = 675129E42AAC686200429CB7 /* NetworkingError.swift */; };
		676E72082AA383CE00010350 /* BerkelTabBar.swift in Sources */ = {isa = PBXBuildFile; fileRef = 676E72072AA383CE00010350 /* BerkelTabBar.swift */; };
		676E720A2AA3852D00010350 /* CGFloat+Extension.swift in Sources */ = {isa = PBXBuildFile; fileRef = 676E72092AA3852D00010350 /* CGFloat+Extension.swift */; };
		676E720C2AA3855E00010350 /* UIScreen+Extension.swift in Sources */ = {isa = PBXBuildFile; fileRef = 676E720B2AA3855E00010350 /* UIScreen+Extension.swift */; };
		677E678C2AA34202001775E2 /* MainTabbarController.swift in Sources */ = {isa = PBXBuildFile; fileRef = 677E678B2AA34202001775E2 /* MainTabbarController.swift */; };
		677E678E2AA346EB001775E2 /* MainTabbarCoordinator.swift in Sources */ = {isa = PBXBuildFile; fileRef = 677E678D2AA346EB001775E2 /* MainTabbarCoordinator.swift */; };
		677E67902AA34751001775E2 /* MainNavigationController.swift in Sources */ = {isa = PBXBuildFile; fileRef = 677E678F2AA34751001775E2 /* MainNavigationController.swift */; };
		677E67922AA3506A001775E2 /* DispatchQueue+Extensions.swift in Sources */ = {isa = PBXBuildFile; fileRef = 677E67912AA3506A001775E2 /* DispatchQueue+Extensions.swift */; };
		677E67A42AA353D2001775E2 /* BuyingCoordinator.swift in Sources */ = {isa = PBXBuildFile; fileRef = 677E679C2AA353D2001775E2 /* BuyingCoordinator.swift */; };
		677E67A52AA353D2001775E2 /* BuyingUIModel.swift in Sources */ = {isa = PBXBuildFile; fileRef = 677E679D2AA353D2001775E2 /* BuyingUIModel.swift */; };
		677E67A62AA353D2001775E2 /* BuyingViewController.swift in Sources */ = {isa = PBXBuildFile; fileRef = 677E679E2AA353D2001775E2 /* BuyingViewController.swift */; };
		677E67A72AA353D2001775E2 /* BuyingRepository.swift in Sources */ = {isa = PBXBuildFile; fileRef = 677E679F2AA353D2001775E2 /* BuyingRepository.swift */; };
		677E67A82AA353D2001775E2 /* BuyingBuilder.swift in Sources */ = {isa = PBXBuildFile; fileRef = 677E67A02AA353D2001775E2 /* BuyingBuilder.swift */; };
		677E67A92AA353D2001775E2 /* BuyingViewModel.swift in Sources */ = {isa = PBXBuildFile; fileRef = 677E67A12AA353D2001775E2 /* BuyingViewModel.swift */; };
		677E67AA2AA353D2001775E2 /* BuyingPassData.swift in Sources */ = {isa = PBXBuildFile; fileRef = 677E67A22AA353D2001775E2 /* BuyingPassData.swift */; };
		677E67AB2AA353D2001775E2 /* BuyingViewController.xib in Resources */ = {isa = PBXBuildFile; fileRef = 677E67A32AA353D2001775E2 /* BuyingViewController.xib */; };
		677E67B62AA353EA001775E2 /* WorkerCoordinator.swift in Sources */ = {isa = PBXBuildFile; fileRef = 677E67AE2AA353EA001775E2 /* WorkerCoordinator.swift */; };
		677E67B72AA353EA001775E2 /* WorkerUIModel.swift in Sources */ = {isa = PBXBuildFile; fileRef = 677E67AF2AA353EA001775E2 /* WorkerUIModel.swift */; };
		677E67B82AA353EA001775E2 /* WorkerViewController.swift in Sources */ = {isa = PBXBuildFile; fileRef = 677E67B02AA353EA001775E2 /* WorkerViewController.swift */; };
		677E67B92AA353EA001775E2 /* WorkerRepository.swift in Sources */ = {isa = PBXBuildFile; fileRef = 677E67B12AA353EA001775E2 /* WorkerRepository.swift */; };
		677E67BA2AA353EA001775E2 /* WorkerBuilder.swift in Sources */ = {isa = PBXBuildFile; fileRef = 677E67B22AA353EA001775E2 /* WorkerBuilder.swift */; };
		677E67BB2AA353EA001775E2 /* WorkerViewModel.swift in Sources */ = {isa = PBXBuildFile; fileRef = 677E67B32AA353EA001775E2 /* WorkerViewModel.swift */; };
		677E67BC2AA353EA001775E2 /* WorkerPassData.swift in Sources */ = {isa = PBXBuildFile; fileRef = 677E67B42AA353EA001775E2 /* WorkerPassData.swift */; };
		677E67BD2AA353EA001775E2 /* WorkerViewController.xib in Resources */ = {isa = PBXBuildFile; fileRef = 677E67B52AA353EA001775E2 /* WorkerViewController.xib */; };
		677E67C82AA35403001775E2 /* SellerCoordinator.swift in Sources */ = {isa = PBXBuildFile; fileRef = 677E67C02AA35403001775E2 /* SellerCoordinator.swift */; };
		677E67C92AA35403001775E2 /* SellerUIModel.swift in Sources */ = {isa = PBXBuildFile; fileRef = 677E67C12AA35403001775E2 /* SellerUIModel.swift */; };
		677E67CA2AA35403001775E2 /* SellerViewController.swift in Sources */ = {isa = PBXBuildFile; fileRef = 677E67C22AA35403001775E2 /* SellerViewController.swift */; };
		677E67CB2AA35403001775E2 /* SellerRepository.swift in Sources */ = {isa = PBXBuildFile; fileRef = 677E67C32AA35403001775E2 /* SellerRepository.swift */; };
		677E67CC2AA35403001775E2 /* SellerBuilder.swift in Sources */ = {isa = PBXBuildFile; fileRef = 677E67C42AA35403001775E2 /* SellerBuilder.swift */; };
		677E67CD2AA35403001775E2 /* SellerViewModel.swift in Sources */ = {isa = PBXBuildFile; fileRef = 677E67C52AA35403001775E2 /* SellerViewModel.swift */; };
		677E67CE2AA35403001775E2 /* SellerPassData.swift in Sources */ = {isa = PBXBuildFile; fileRef = 677E67C62AA35403001775E2 /* SellerPassData.swift */; };
		677E67CF2AA35403001775E2 /* SellerViewController.xib in Resources */ = {isa = PBXBuildFile; fileRef = 677E67C72AA35403001775E2 /* SellerViewController.xib */; };
		677E67D82AA35415001775E2 /* SettingsCoordinator.swift in Sources */ = {isa = PBXBuildFile; fileRef = 677E67D02AA35415001775E2 /* SettingsCoordinator.swift */; };
		677E67D92AA35415001775E2 /* SettingsUIModel.swift in Sources */ = {isa = PBXBuildFile; fileRef = 677E67D12AA35415001775E2 /* SettingsUIModel.swift */; };
		677E67DA2AA35415001775E2 /* SettingsViewController.swift in Sources */ = {isa = PBXBuildFile; fileRef = 677E67D22AA35415001775E2 /* SettingsViewController.swift */; };
		677E67DB2AA35415001775E2 /* SettingsRepository.swift in Sources */ = {isa = PBXBuildFile; fileRef = 677E67D32AA35415001775E2 /* SettingsRepository.swift */; };
		677E67DC2AA35415001775E2 /* SettingsBuilder.swift in Sources */ = {isa = PBXBuildFile; fileRef = 677E67D42AA35415001775E2 /* SettingsBuilder.swift */; };
		677E67DD2AA35415001775E2 /* SettingsViewModel.swift in Sources */ = {isa = PBXBuildFile; fileRef = 677E67D52AA35415001775E2 /* SettingsViewModel.swift */; };
		677E67DE2AA35415001775E2 /* SettingsPassData.swift in Sources */ = {isa = PBXBuildFile; fileRef = 677E67D62AA35415001775E2 /* SettingsPassData.swift */; };
		677E67DF2AA35415001775E2 /* SettingsViewController.xib in Resources */ = {isa = PBXBuildFile; fileRef = 677E67D72AA35415001775E2 /* SettingsViewController.xib */; };
		678B537C2AA25F61003F4355 /* SplashViewController.xib in Resources */ = {isa = PBXBuildFile; fileRef = 678B537B2AA25F61003F4355 /* SplashViewController.xib */; };
		678B537F2AA25F88003F4355 /* MainBaseViewController.swift in Sources */ = {isa = PBXBuildFile; fileRef = 678B537E2AA25F88003F4355 /* MainBaseViewController.swift */; };
		678B53812AA25FC3003F4355 /* BerkelBaseViewController.swift in Sources */ = {isa = PBXBuildFile; fileRef = 678B53802AA25FC3003F4355 /* BerkelBaseViewController.swift */; };
		678B53842AA260E9003F4355 /* BaseViewModel.swift in Sources */ = {isa = PBXBuildFile; fileRef = 678B53832AA260E9003F4355 /* BaseViewModel.swift */; };
		678B538A2AA261E0003F4355 /* Coordinator.swift in Sources */ = {isa = PBXBuildFile; fileRef = 678B53892AA261E0003F4355 /* Coordinator.swift */; };
		678B538D2AA26241003F4355 /* UIApplication+Extensions.swift in Sources */ = {isa = PBXBuildFile; fileRef = 678B538C2AA26241003F4355 /* UIApplication+Extensions.swift */; };
		678B53902AA262BA003F4355 /* WindowHelper.swift in Sources */ = {isa = PBXBuildFile; fileRef = 678B538F2AA262BA003F4355 /* WindowHelper.swift */; };
		678B53922AA26303003F4355 /* UIViewController+Extensions.swift in Sources */ = {isa = PBXBuildFile; fileRef = 678B53912AA26303003F4355 /* UIViewController+Extensions.swift */; };
		678B53962AA263AF003F4355 /* Toast.swift in Sources */ = {isa = PBXBuildFile; fileRef = 678B53952AA263AF003F4355 /* Toast.swift */; };
		678B53982AA263E9003F4355 /* UIColor+Extensions.swift in Sources */ = {isa = PBXBuildFile; fileRef = 678B53972AA263E9003F4355 /* UIColor+Extensions.swift */; };
		678B539A2AA264B0003F4355 /* UIView+Extensions.swift in Sources */ = {isa = PBXBuildFile; fileRef = 678B53992AA264B0003F4355 /* UIView+Extensions.swift */; };
		678B539C2AA2662F003F4355 /* Window+Extensions.swift in Sources */ = {isa = PBXBuildFile; fileRef = 678B539B2AA2662F003F4355 /* Window+Extensions.swift */; };
		678B539E2AA266FE003F4355 /* AppCoordinator.swift in Sources */ = {isa = PBXBuildFile; fileRef = 678B539D2AA266FE003F4355 /* AppCoordinator.swift */; };
		678B53A02AA268E5003F4355 /* UINavigationController+Extensions.swift in Sources */ = {isa = PBXBuildFile; fileRef = 678B539F2AA268E5003F4355 /* UINavigationController+Extensions.swift */; };
		6797F0362AA4973600638C09 /* PhoneAuthProvider+Combine.swift in Sources */ = {isa = PBXBuildFile; fileRef = 6797F0322AA4973600638C09 /* PhoneAuthProvider+Combine.swift */; };
		6797F0372AA4973600638C09 /* UserProfileChangeRequest+Combine.swift in Sources */ = {isa = PBXBuildFile; fileRef = 6797F0332AA4973600638C09 /* UserProfileChangeRequest+Combine.swift */; };
		6797F0382AA4973600638C09 /* Auth+Combine.swift in Sources */ = {isa = PBXBuildFile; fileRef = 6797F0342AA4973600638C09 /* Auth+Combine.swift */; };
		6797F0392AA4973600638C09 /* User+Combine.swift in Sources */ = {isa = PBXBuildFile; fileRef = 6797F0352AA4973600638C09 /* User+Combine.swift */; };
		6797F0402AA4974000638C09 /* RemoteConfig.swift in Sources */ = {isa = PBXBuildFile; fileRef = 6797F03A2AA4974000638C09 /* RemoteConfig.swift */; };
		6797F0412AA4974000638C09 /* Functions.swift in Sources */ = {isa = PBXBuildFile; fileRef = 6797F03B2AA4974000638C09 /* Functions.swift */; };
		6797F0422AA4974000638C09 /* Database.swift in Sources */ = {isa = PBXBuildFile; fileRef = 6797F03C2AA4974000638C09 /* Database.swift */; };
		6797F0432AA4974000638C09 /* Firestore.swift in Sources */ = {isa = PBXBuildFile; fileRef = 6797F03D2AA4974000638C09 /* Firestore.swift */; };
		6797F0442AA4974000638C09 /* Auth.swift in Sources */ = {isa = PBXBuildFile; fileRef = 6797F03E2AA4974000638C09 /* Auth.swift */; };
		6797F0452AA4974000638C09 /* Storage.swift in Sources */ = {isa = PBXBuildFile; fileRef = 6797F03F2AA4974000638C09 /* Storage.swift */; };
		6797F0482AA4974800638C09 /* DatabaseQuery+Combine.swift in Sources */ = {isa = PBXBuildFile; fileRef = 6797F0462AA4974800638C09 /* DatabaseQuery+Combine.swift */; };
		6797F0492AA4974800638C09 /* DatabaseReference+Combine.swift in Sources */ = {isa = PBXBuildFile; fileRef = 6797F0472AA4974800638C09 /* DatabaseReference+Combine.swift */; };
		6797F0502AA4975300638C09 /* Firestore+Combine.swift in Sources */ = {isa = PBXBuildFile; fileRef = 6797F04A2AA4975200638C09 /* Firestore+Combine.swift */; };
		6797F0512AA4975300638C09 /* FirestoreError.swift in Sources */ = {isa = PBXBuildFile; fileRef = 6797F04B2AA4975200638C09 /* FirestoreError.swift */; };
		6797F0522AA4975300638C09 /* WriteBatch+Combine.swift in Sources */ = {isa = PBXBuildFile; fileRef = 6797F04C2AA4975300638C09 /* WriteBatch+Combine.swift */; };
		6797F0532AA4975300638C09 /* CollectionReference+Combine.swift in Sources */ = {isa = PBXBuildFile; fileRef = 6797F04D2AA4975300638C09 /* CollectionReference+Combine.swift */; };
		6797F0542AA4975300638C09 /* DocumentReference+Combine.swift in Sources */ = {isa = PBXBuildFile; fileRef = 6797F04E2AA4975300638C09 /* DocumentReference+Combine.swift */; };
		6797F0552AA4975300638C09 /* Query+Combine.swift in Sources */ = {isa = PBXBuildFile; fileRef = 6797F04F2AA4975300638C09 /* Query+Combine.swift */; };
		6797F0572AA4975C00638C09 /* HTTPSCallable+Combine.swift in Sources */ = {isa = PBXBuildFile; fileRef = 6797F0562AA4975C00638C09 /* HTTPSCallable+Combine.swift */; };
		6797F0592AA4976300638C09 /* RemoteConfig+Combine.swift in Sources */ = {isa = PBXBuildFile; fileRef = 6797F0582AA4976300638C09 /* RemoteConfig+Combine.swift */; };
		6797F05C2AA4976C00638C09 /* StorageReference+Combine.swift in Sources */ = {isa = PBXBuildFile; fileRef = 6797F05A2AA4976C00638C09 /* StorageReference+Combine.swift */; };
		6797F05D2AA4976C00638C09 /* StorageObservabeTask+Combine.swift in Sources */ = {isa = PBXBuildFile; fileRef = 6797F05B2AA4976C00638C09 /* StorageObservabeTask+Combine.swift */; };
		6797F05F2AA49BF100638C09 /* README.md in Resources */ = {isa = PBXBuildFile; fileRef = 6797F05E2AA49BF100638C09 /* README.md */; };
		67B903EC2AA8F6A4005A980C /* DocumentServiceType.swift in Sources */ = {isa = PBXBuildFile; fileRef = 67B903EB2AA8F6A4005A980C /* DocumentServiceType.swift */; };
		67B903F02AA928E4005A980C /* GoogleService-Info.plist in Resources */ = {isa = PBXBuildFile; fileRef = 67B903EF2AA928E4005A980C /* GoogleService-Info.plist */; };
		67CC75A62AA25A6F003206F0 /* Color.xcassets in Resources */ = {isa = PBXBuildFile; fileRef = 67CC75A52AA25A6F003206F0 /* Color.xcassets */; };
		67CC75B32AA25EF1003206F0 /* SplashCoordinator.swift in Sources */ = {isa = PBXBuildFile; fileRef = 67CC75AB2AA25EF1003206F0 /* SplashCoordinator.swift */; };
		67CC75B42AA25EF1003206F0 /* SplashUIModel.swift in Sources */ = {isa = PBXBuildFile; fileRef = 67CC75AC2AA25EF1003206F0 /* SplashUIModel.swift */; };
		67CC75B52AA25EF1003206F0 /* SplashViewController.swift in Sources */ = {isa = PBXBuildFile; fileRef = 67CC75AD2AA25EF1003206F0 /* SplashViewController.swift */; };
		67CC75B62AA25EF1003206F0 /* SplashRepository.swift in Sources */ = {isa = PBXBuildFile; fileRef = 67CC75AE2AA25EF1003206F0 /* SplashRepository.swift */; };
		67CC75B72AA25EF1003206F0 /* SplashBuilder.swift in Sources */ = {isa = PBXBuildFile; fileRef = 67CC75AF2AA25EF1003206F0 /* SplashBuilder.swift */; };
		67CC75B82AA25EF1003206F0 /* SplashViewModel.swift in Sources */ = {isa = PBXBuildFile; fileRef = 67CC75B02AA25EF1003206F0 /* SplashViewModel.swift */; };
		67CC75B92AA25EF1003206F0 /* SplashPassData.swift in Sources */ = {isa = PBXBuildFile; fileRef = 67CC75B12AA25EF1003206F0 /* SplashPassData.swift */; };
		67F03DF82AA110B400DBCD48 /* AppDelegate.swift in Sources */ = {isa = PBXBuildFile; fileRef = 67F03DF72AA110B400DBCD48 /* AppDelegate.swift */; };
		67F03E012AA110B500DBCD48 /* Assets.xcassets in Resources */ = {isa = PBXBuildFile; fileRef = 67F03E002AA110B500DBCD48 /* Assets.xcassets */; };
		67F03E042AA110B500DBCD48 /* LaunchScreen.storyboard in Resources */ = {isa = PBXBuildFile; fileRef = 67F03E022AA110B500DBCD48 /* LaunchScreen.storyboard */; };
		A1692EDDD077A12BAEB75303 /* Pods_berkel.framework in Frameworks */ = {isa = PBXBuildFile; fileRef = 16F7E776642F8DE13FF34F1D /* Pods_berkel.framework */; };
/* End PBXBuildFile section */

/* Begin PBXFileReference section */
		16F7E776642F8DE13FF34F1D /* Pods_berkel.framework */ = {isa = PBXFileReference; explicitFileType = wrapper.framework; includeInIndex = 0; path = Pods_berkel.framework; sourceTree = BUILT_PRODUCTS_DIR; };
		56405BF4CD5A8FE4115246B1 /* Pods-berkel.release.xcconfig */ = {isa = PBXFileReference; includeInIndex = 1; lastKnownFileType = text.xcconfig; name = "Pods-berkel.release.xcconfig"; path = "Target Support Files/Pods-berkel/Pods-berkel.release.xcconfig"; sourceTree = "<group>"; };
		60657F612E104FB58D480D60 /* Pods-berkel.debug.xcconfig */ = {isa = PBXFileReference; includeInIndex = 1; lastKnownFileType = text.xcconfig; name = "Pods-berkel.debug.xcconfig"; path = "Target Support Files/Pods-berkel/Pods-berkel.debug.xcconfig"; sourceTree = "<group>"; };
		6710BF382AA79B7B000034FD /* BaseRepository.swift */ = {isa = PBXFileReference; lastKnownFileType = sourcecode.swift; path = BaseRepository.swift; sourceTree = "<group>"; };
		6710BF3C2AA7AD48000034FD /* BuyingService.swift */ = {isa = PBXFileReference; lastKnownFileType = sourcecode.swift; path = BuyingService.swift; sourceTree = "<group>"; };
		6710BF3F2AA7C526000034FD /* BuyingResponseModel.swift */ = {isa = PBXFileReference; lastKnownFileType = sourcecode.swift; path = BuyingResponseModel.swift; sourceTree = "<group>"; };
		6710BF412AA7C7AB000034FD /* CollectionServiceType.swift */ = {isa = PBXFileReference; lastKnownFileType = sourcecode.swift; path = CollectionServiceType.swift; sourceTree = "<group>"; };
		675129E02AAC679500429CB7 /* FirestoreErrorHandle.swift */ = {isa = PBXFileReference; lastKnownFileType = sourcecode.swift; path = FirestoreErrorHandle.swift; sourceTree = "<group>"; };
		675129E42AAC686200429CB7 /* NetworkingError.swift */ = {isa = PBXFileReference; lastKnownFileType = sourcecode.swift; path = NetworkingError.swift; sourceTree = "<group>"; };
		676E72072AA383CE00010350 /* BerkelTabBar.swift */ = {isa = PBXFileReference; lastKnownFileType = sourcecode.swift; path = BerkelTabBar.swift; sourceTree = "<group>"; };
		676E72092AA3852D00010350 /* CGFloat+Extension.swift */ = {isa = PBXFileReference; lastKnownFileType = sourcecode.swift; path = "CGFloat+Extension.swift"; sourceTree = "<group>"; };
		676E720B2AA3855E00010350 /* UIScreen+Extension.swift */ = {isa = PBXFileReference; lastKnownFileType = sourcecode.swift; path = "UIScreen+Extension.swift"; sourceTree = "<group>"; };
		677E678B2AA34202001775E2 /* MainTabbarController.swift */ = {isa = PBXFileReference; lastKnownFileType = sourcecode.swift; path = MainTabbarController.swift; sourceTree = "<group>"; };
		677E678D2AA346EB001775E2 /* MainTabbarCoordinator.swift */ = {isa = PBXFileReference; lastKnownFileType = sourcecode.swift; path = MainTabbarCoordinator.swift; sourceTree = "<group>"; };
		677E678F2AA34751001775E2 /* MainNavigationController.swift */ = {isa = PBXFileReference; lastKnownFileType = sourcecode.swift; path = MainNavigationController.swift; sourceTree = "<group>"; };
		677E67912AA3506A001775E2 /* DispatchQueue+Extensions.swift */ = {isa = PBXFileReference; lastKnownFileType = sourcecode.swift; path = "DispatchQueue+Extensions.swift"; sourceTree = "<group>"; };
		677E679C2AA353D2001775E2 /* BuyingCoordinator.swift */ = {isa = PBXFileReference; lastKnownFileType = sourcecode.swift; path = BuyingCoordinator.swift; sourceTree = "<group>"; };
		677E679D2AA353D2001775E2 /* BuyingUIModel.swift */ = {isa = PBXFileReference; lastKnownFileType = sourcecode.swift; path = BuyingUIModel.swift; sourceTree = "<group>"; };
		677E679E2AA353D2001775E2 /* BuyingViewController.swift */ = {isa = PBXFileReference; lastKnownFileType = sourcecode.swift; path = BuyingViewController.swift; sourceTree = "<group>"; };
		677E679F2AA353D2001775E2 /* BuyingRepository.swift */ = {isa = PBXFileReference; lastKnownFileType = sourcecode.swift; path = BuyingRepository.swift; sourceTree = "<group>"; };
		677E67A02AA353D2001775E2 /* BuyingBuilder.swift */ = {isa = PBXFileReference; lastKnownFileType = sourcecode.swift; path = BuyingBuilder.swift; sourceTree = "<group>"; };
		677E67A12AA353D2001775E2 /* BuyingViewModel.swift */ = {isa = PBXFileReference; lastKnownFileType = sourcecode.swift; path = BuyingViewModel.swift; sourceTree = "<group>"; };
		677E67A22AA353D2001775E2 /* BuyingPassData.swift */ = {isa = PBXFileReference; lastKnownFileType = sourcecode.swift; path = BuyingPassData.swift; sourceTree = "<group>"; };
		677E67A32AA353D2001775E2 /* BuyingViewController.xib */ = {isa = PBXFileReference; lastKnownFileType = file.xib; path = BuyingViewController.xib; sourceTree = "<group>"; };
		677E67AE2AA353EA001775E2 /* WorkerCoordinator.swift */ = {isa = PBXFileReference; lastKnownFileType = sourcecode.swift; path = WorkerCoordinator.swift; sourceTree = "<group>"; };
		677E67AF2AA353EA001775E2 /* WorkerUIModel.swift */ = {isa = PBXFileReference; lastKnownFileType = sourcecode.swift; path = WorkerUIModel.swift; sourceTree = "<group>"; };
		677E67B02AA353EA001775E2 /* WorkerViewController.swift */ = {isa = PBXFileReference; lastKnownFileType = sourcecode.swift; path = WorkerViewController.swift; sourceTree = "<group>"; };
		677E67B12AA353EA001775E2 /* WorkerRepository.swift */ = {isa = PBXFileReference; lastKnownFileType = sourcecode.swift; path = WorkerRepository.swift; sourceTree = "<group>"; };
		677E67B22AA353EA001775E2 /* WorkerBuilder.swift */ = {isa = PBXFileReference; lastKnownFileType = sourcecode.swift; path = WorkerBuilder.swift; sourceTree = "<group>"; };
		677E67B32AA353EA001775E2 /* WorkerViewModel.swift */ = {isa = PBXFileReference; lastKnownFileType = sourcecode.swift; path = WorkerViewModel.swift; sourceTree = "<group>"; };
		677E67B42AA353EA001775E2 /* WorkerPassData.swift */ = {isa = PBXFileReference; lastKnownFileType = sourcecode.swift; path = WorkerPassData.swift; sourceTree = "<group>"; };
		677E67B52AA353EA001775E2 /* WorkerViewController.xib */ = {isa = PBXFileReference; lastKnownFileType = file.xib; path = WorkerViewController.xib; sourceTree = "<group>"; };
		677E67C02AA35403001775E2 /* SellerCoordinator.swift */ = {isa = PBXFileReference; lastKnownFileType = sourcecode.swift; path = SellerCoordinator.swift; sourceTree = "<group>"; };
		677E67C12AA35403001775E2 /* SellerUIModel.swift */ = {isa = PBXFileReference; lastKnownFileType = sourcecode.swift; path = SellerUIModel.swift; sourceTree = "<group>"; };
		677E67C22AA35403001775E2 /* SellerViewController.swift */ = {isa = PBXFileReference; lastKnownFileType = sourcecode.swift; path = SellerViewController.swift; sourceTree = "<group>"; };
		677E67C32AA35403001775E2 /* SellerRepository.swift */ = {isa = PBXFileReference; lastKnownFileType = sourcecode.swift; path = SellerRepository.swift; sourceTree = "<group>"; };
		677E67C42AA35403001775E2 /* SellerBuilder.swift */ = {isa = PBXFileReference; lastKnownFileType = sourcecode.swift; path = SellerBuilder.swift; sourceTree = "<group>"; };
		677E67C52AA35403001775E2 /* SellerViewModel.swift */ = {isa = PBXFileReference; lastKnownFileType = sourcecode.swift; path = SellerViewModel.swift; sourceTree = "<group>"; };
		677E67C62AA35403001775E2 /* SellerPassData.swift */ = {isa = PBXFileReference; lastKnownFileType = sourcecode.swift; path = SellerPassData.swift; sourceTree = "<group>"; };
		677E67C72AA35403001775E2 /* SellerViewController.xib */ = {isa = PBXFileReference; lastKnownFileType = file.xib; path = SellerViewController.xib; sourceTree = "<group>"; };
		677E67D02AA35415001775E2 /* SettingsCoordinator.swift */ = {isa = PBXFileReference; lastKnownFileType = sourcecode.swift; path = SettingsCoordinator.swift; sourceTree = "<group>"; };
		677E67D12AA35415001775E2 /* SettingsUIModel.swift */ = {isa = PBXFileReference; lastKnownFileType = sourcecode.swift; path = SettingsUIModel.swift; sourceTree = "<group>"; };
		677E67D22AA35415001775E2 /* SettingsViewController.swift */ = {isa = PBXFileReference; lastKnownFileType = sourcecode.swift; path = SettingsViewController.swift; sourceTree = "<group>"; };
		677E67D32AA35415001775E2 /* SettingsRepository.swift */ = {isa = PBXFileReference; lastKnownFileType = sourcecode.swift; path = SettingsRepository.swift; sourceTree = "<group>"; };
		677E67D42AA35415001775E2 /* SettingsBuilder.swift */ = {isa = PBXFileReference; lastKnownFileType = sourcecode.swift; path = SettingsBuilder.swift; sourceTree = "<group>"; };
		677E67D52AA35415001775E2 /* SettingsViewModel.swift */ = {isa = PBXFileReference; lastKnownFileType = sourcecode.swift; path = SettingsViewModel.swift; sourceTree = "<group>"; };
		677E67D62AA35415001775E2 /* SettingsPassData.swift */ = {isa = PBXFileReference; lastKnownFileType = sourcecode.swift; path = SettingsPassData.swift; sourceTree = "<group>"; };
		677E67D72AA35415001775E2 /* SettingsViewController.xib */ = {isa = PBXFileReference; lastKnownFileType = file.xib; path = SettingsViewController.xib; sourceTree = "<group>"; };
		678B537B2AA25F61003F4355 /* SplashViewController.xib */ = {isa = PBXFileReference; fileEncoding = 4; lastKnownFileType = file.xib; path = SplashViewController.xib; sourceTree = "<group>"; };
		678B537E2AA25F88003F4355 /* MainBaseViewController.swift */ = {isa = PBXFileReference; lastKnownFileType = sourcecode.swift; path = MainBaseViewController.swift; sourceTree = "<group>"; };
		678B53802AA25FC3003F4355 /* BerkelBaseViewController.swift */ = {isa = PBXFileReference; lastKnownFileType = sourcecode.swift; path = BerkelBaseViewController.swift; sourceTree = "<group>"; };
		678B53832AA260E9003F4355 /* BaseViewModel.swift */ = {isa = PBXFileReference; lastKnownFileType = sourcecode.swift; path = BaseViewModel.swift; sourceTree = "<group>"; };
		678B53892AA261E0003F4355 /* Coordinator.swift */ = {isa = PBXFileReference; lastKnownFileType = sourcecode.swift; path = Coordinator.swift; sourceTree = "<group>"; };
		678B538C2AA26241003F4355 /* UIApplication+Extensions.swift */ = {isa = PBXFileReference; lastKnownFileType = sourcecode.swift; path = "UIApplication+Extensions.swift"; sourceTree = "<group>"; };
		678B538F2AA262BA003F4355 /* WindowHelper.swift */ = {isa = PBXFileReference; lastKnownFileType = sourcecode.swift; path = WindowHelper.swift; sourceTree = "<group>"; };
		678B53912AA26303003F4355 /* UIViewController+Extensions.swift */ = {isa = PBXFileReference; lastKnownFileType = sourcecode.swift; path = "UIViewController+Extensions.swift"; sourceTree = "<group>"; };
		678B53952AA263AF003F4355 /* Toast.swift */ = {isa = PBXFileReference; fileEncoding = 4; lastKnownFileType = sourcecode.swift; path = Toast.swift; sourceTree = "<group>"; };
		678B53972AA263E9003F4355 /* UIColor+Extensions.swift */ = {isa = PBXFileReference; lastKnownFileType = sourcecode.swift; path = "UIColor+Extensions.swift"; sourceTree = "<group>"; };
		678B53992AA264B0003F4355 /* UIView+Extensions.swift */ = {isa = PBXFileReference; lastKnownFileType = sourcecode.swift; path = "UIView+Extensions.swift"; sourceTree = "<group>"; };
		678B539B2AA2662F003F4355 /* Window+Extensions.swift */ = {isa = PBXFileReference; lastKnownFileType = sourcecode.swift; path = "Window+Extensions.swift"; sourceTree = "<group>"; };
		678B539D2AA266FE003F4355 /* AppCoordinator.swift */ = {isa = PBXFileReference; lastKnownFileType = sourcecode.swift; path = AppCoordinator.swift; sourceTree = "<group>"; };
		678B539F2AA268E5003F4355 /* UINavigationController+Extensions.swift */ = {isa = PBXFileReference; lastKnownFileType = sourcecode.swift; path = "UINavigationController+Extensions.swift"; sourceTree = "<group>"; };
		6797F0322AA4973600638C09 /* PhoneAuthProvider+Combine.swift */ = {isa = PBXFileReference; fileEncoding = 4; lastKnownFileType = sourcecode.swift; path = "PhoneAuthProvider+Combine.swift"; sourceTree = "<group>"; };
		6797F0332AA4973600638C09 /* UserProfileChangeRequest+Combine.swift */ = {isa = PBXFileReference; fileEncoding = 4; lastKnownFileType = sourcecode.swift; path = "UserProfileChangeRequest+Combine.swift"; sourceTree = "<group>"; };
		6797F0342AA4973600638C09 /* Auth+Combine.swift */ = {isa = PBXFileReference; fileEncoding = 4; lastKnownFileType = sourcecode.swift; path = "Auth+Combine.swift"; sourceTree = "<group>"; };
		6797F0352AA4973600638C09 /* User+Combine.swift */ = {isa = PBXFileReference; fileEncoding = 4; lastKnownFileType = sourcecode.swift; path = "User+Combine.swift"; sourceTree = "<group>"; };
		6797F03A2AA4974000638C09 /* RemoteConfig.swift */ = {isa = PBXFileReference; fileEncoding = 4; lastKnownFileType = sourcecode.swift; path = RemoteConfig.swift; sourceTree = "<group>"; };
		6797F03B2AA4974000638C09 /* Functions.swift */ = {isa = PBXFileReference; fileEncoding = 4; lastKnownFileType = sourcecode.swift; path = Functions.swift; sourceTree = "<group>"; };
		6797F03C2AA4974000638C09 /* Database.swift */ = {isa = PBXFileReference; fileEncoding = 4; lastKnownFileType = sourcecode.swift; path = Database.swift; sourceTree = "<group>"; };
		6797F03D2AA4974000638C09 /* Firestore.swift */ = {isa = PBXFileReference; fileEncoding = 4; lastKnownFileType = sourcecode.swift; path = Firestore.swift; sourceTree = "<group>"; };
		6797F03E2AA4974000638C09 /* Auth.swift */ = {isa = PBXFileReference; fileEncoding = 4; lastKnownFileType = sourcecode.swift; path = Auth.swift; sourceTree = "<group>"; };
		6797F03F2AA4974000638C09 /* Storage.swift */ = {isa = PBXFileReference; fileEncoding = 4; lastKnownFileType = sourcecode.swift; path = Storage.swift; sourceTree = "<group>"; };
		6797F0462AA4974800638C09 /* DatabaseQuery+Combine.swift */ = {isa = PBXFileReference; fileEncoding = 4; lastKnownFileType = sourcecode.swift; path = "DatabaseQuery+Combine.swift"; sourceTree = "<group>"; };
		6797F0472AA4974800638C09 /* DatabaseReference+Combine.swift */ = {isa = PBXFileReference; fileEncoding = 4; lastKnownFileType = sourcecode.swift; path = "DatabaseReference+Combine.swift"; sourceTree = "<group>"; };
		6797F04A2AA4975200638C09 /* Firestore+Combine.swift */ = {isa = PBXFileReference; fileEncoding = 4; lastKnownFileType = sourcecode.swift; path = "Firestore+Combine.swift"; sourceTree = "<group>"; };
		6797F04B2AA4975200638C09 /* FirestoreError.swift */ = {isa = PBXFileReference; fileEncoding = 4; lastKnownFileType = sourcecode.swift; path = FirestoreError.swift; sourceTree = "<group>"; };
		6797F04C2AA4975300638C09 /* WriteBatch+Combine.swift */ = {isa = PBXFileReference; fileEncoding = 4; lastKnownFileType = sourcecode.swift; path = "WriteBatch+Combine.swift"; sourceTree = "<group>"; };
		6797F04D2AA4975300638C09 /* CollectionReference+Combine.swift */ = {isa = PBXFileReference; fileEncoding = 4; lastKnownFileType = sourcecode.swift; path = "CollectionReference+Combine.swift"; sourceTree = "<group>"; };
		6797F04E2AA4975300638C09 /* DocumentReference+Combine.swift */ = {isa = PBXFileReference; fileEncoding = 4; lastKnownFileType = sourcecode.swift; path = "DocumentReference+Combine.swift"; sourceTree = "<group>"; };
		6797F04F2AA4975300638C09 /* Query+Combine.swift */ = {isa = PBXFileReference; fileEncoding = 4; lastKnownFileType = sourcecode.swift; path = "Query+Combine.swift"; sourceTree = "<group>"; };
		6797F0562AA4975C00638C09 /* HTTPSCallable+Combine.swift */ = {isa = PBXFileReference; fileEncoding = 4; lastKnownFileType = sourcecode.swift; path = "HTTPSCallable+Combine.swift"; sourceTree = "<group>"; };
		6797F0582AA4976300638C09 /* RemoteConfig+Combine.swift */ = {isa = PBXFileReference; fileEncoding = 4; lastKnownFileType = sourcecode.swift; path = "RemoteConfig+Combine.swift"; sourceTree = "<group>"; };
		6797F05A2AA4976C00638C09 /* StorageReference+Combine.swift */ = {isa = PBXFileReference; fileEncoding = 4; lastKnownFileType = sourcecode.swift; path = "StorageReference+Combine.swift"; sourceTree = "<group>"; };
		6797F05B2AA4976C00638C09 /* StorageObservabeTask+Combine.swift */ = {isa = PBXFileReference; fileEncoding = 4; lastKnownFileType = sourcecode.swift; path = "StorageObservabeTask+Combine.swift"; sourceTree = "<group>"; };
		6797F05E2AA49BF100638C09 /* README.md */ = {isa = PBXFileReference; fileEncoding = 4; lastKnownFileType = net.daringfireball.markdown; path = README.md; sourceTree = "<group>"; };
		67B903EB2AA8F6A4005A980C /* DocumentServiceType.swift */ = {isa = PBXFileReference; lastKnownFileType = sourcecode.swift; path = DocumentServiceType.swift; sourceTree = "<group>"; };
		67B903EF2AA928E4005A980C /* GoogleService-Info.plist */ = {isa = PBXFileReference; fileEncoding = 4; lastKnownFileType = text.plist.xml; path = "GoogleService-Info.plist"; sourceTree = "<group>"; };
		67CC75A52AA25A6F003206F0 /* Color.xcassets */ = {isa = PBXFileReference; lastKnownFileType = folder.assetcatalog; path = Color.xcassets; sourceTree = "<group>"; };
		67CC75AB2AA25EF1003206F0 /* SplashCoordinator.swift */ = {isa = PBXFileReference; lastKnownFileType = sourcecode.swift; path = SplashCoordinator.swift; sourceTree = "<group>"; };
		67CC75AC2AA25EF1003206F0 /* SplashUIModel.swift */ = {isa = PBXFileReference; lastKnownFileType = sourcecode.swift; path = SplashUIModel.swift; sourceTree = "<group>"; };
		67CC75AD2AA25EF1003206F0 /* SplashViewController.swift */ = {isa = PBXFileReference; lastKnownFileType = sourcecode.swift; path = SplashViewController.swift; sourceTree = "<group>"; };
		67CC75AE2AA25EF1003206F0 /* SplashRepository.swift */ = {isa = PBXFileReference; lastKnownFileType = sourcecode.swift; path = SplashRepository.swift; sourceTree = "<group>"; };
		67CC75AF2AA25EF1003206F0 /* SplashBuilder.swift */ = {isa = PBXFileReference; lastKnownFileType = sourcecode.swift; path = SplashBuilder.swift; sourceTree = "<group>"; };
		67CC75B02AA25EF1003206F0 /* SplashViewModel.swift */ = {isa = PBXFileReference; lastKnownFileType = sourcecode.swift; path = SplashViewModel.swift; sourceTree = "<group>"; };
		67CC75B12AA25EF1003206F0 /* SplashPassData.swift */ = {isa = PBXFileReference; lastKnownFileType = sourcecode.swift; path = SplashPassData.swift; sourceTree = "<group>"; };
		67F03DF42AA110B400DBCD48 /* berkel.app */ = {isa = PBXFileReference; explicitFileType = wrapper.application; includeInIndex = 0; path = berkel.app; sourceTree = BUILT_PRODUCTS_DIR; };
		67F03DF72AA110B400DBCD48 /* AppDelegate.swift */ = {isa = PBXFileReference; lastKnownFileType = sourcecode.swift; path = AppDelegate.swift; sourceTree = "<group>"; };
		67F03E002AA110B500DBCD48 /* Assets.xcassets */ = {isa = PBXFileReference; lastKnownFileType = folder.assetcatalog; path = Assets.xcassets; sourceTree = "<group>"; };
		67F03E032AA110B500DBCD48 /* Base */ = {isa = PBXFileReference; lastKnownFileType = file.storyboard; name = Base; path = Base.lproj/LaunchScreen.storyboard; sourceTree = "<group>"; };
		67F03E052AA110B500DBCD48 /* Info.plist */ = {isa = PBXFileReference; lastKnownFileType = text.plist.xml; path = Info.plist; sourceTree = "<group>"; };
/* End PBXFileReference section */

/* Begin PBXFrameworksBuildPhase section */
		67F03DF12AA110B400DBCD48 /* Frameworks */ = {
			isa = PBXFrameworksBuildPhase;
			buildActionMask = 2147483647;
			files = (
				A1692EDDD077A12BAEB75303 /* Pods_berkel.framework in Frameworks */,
			);
			runOnlyForDeploymentPostprocessing = 0;
		};
/* End PBXFrameworksBuildPhase section */

/* Begin PBXGroup section */
		021BD24EB4D667DE9B943322 /* Pods */ = {
			isa = PBXGroup;
			children = (
				60657F612E104FB58D480D60 /* Pods-berkel.debug.xcconfig */,
				56405BF4CD5A8FE4115246B1 /* Pods-berkel.release.xcconfig */,
			);
			path = Pods;
			sourceTree = "<group>";
		};
		6710BF3A2AA7AD29000034FD /* Data */ = {
			isa = PBXGroup;
			children = (
				675129DE2AAC677B00429CB7 /* Error */,
				6710BF382AA79B7B000034FD /* BaseRepository.swift */,
				6710BF412AA7C7AB000034FD /* CollectionServiceType.swift */,
				67B903EB2AA8F6A4005A980C /* DocumentServiceType.swift */,
				6710BF3B2AA7AD3D000034FD /* Services */,
			);
			path = Data;
			sourceTree = "<group>";
		};
		6710BF3B2AA7AD3D000034FD /* Services */ = {
			isa = PBXGroup;
			children = (
				6710BF3C2AA7AD48000034FD /* BuyingService.swift */,
			);
			path = Services;
			sourceTree = "<group>";
		};
		6710BF3E2AA7C514000034FD /* Model */ = {
			isa = PBXGroup;
			children = (
				6710BF3F2AA7C526000034FD /* BuyingResponseModel.swift */,
			);
			path = Model;
			sourceTree = "<group>";
		};
		675129DE2AAC677B00429CB7 /* Error */ = {
			isa = PBXGroup;
			children = (
				675129E02AAC679500429CB7 /* FirestoreErrorHandle.swift */,
				675129E42AAC686200429CB7 /* NetworkingError.swift */,
			);
			path = Error;
			sourceTree = "<group>";
		};
		676580AB2AA863E900A0549E /* ViewController */ = {
			isa = PBXGroup;
			children = (
				678B53802AA25FC3003F4355 /* BerkelBaseViewController.swift */,
				678B537E2AA25F88003F4355 /* MainBaseViewController.swift */,
			);
			path = ViewController;
			sourceTree = "<group>";
		};
		676580AC2AA863F000A0549E /* NavigationController */ = {
			isa = PBXGroup;
			children = (
				677E678F2AA34751001775E2 /* MainNavigationController.swift */,
			);
			path = NavigationController;
			sourceTree = "<group>";
		};
		676580AD2AA863F700A0549E /* ViewModel */ = {
			isa = PBXGroup;
			children = (
				678B53832AA260E9003F4355 /* BaseViewModel.swift */,
			);
			path = ViewModel;
			sourceTree = "<group>";
		};
		676580AE2AA863FE00A0549E /* TabbarController */ = {
			isa = PBXGroup;
			children = (
				677E678B2AA34202001775E2 /* MainTabbarController.swift */,
			);
			path = TabbarController;
			sourceTree = "<group>";
		};
		676E72062AA383C200010350 /* Components */ = {
			isa = PBXGroup;
			children = (
				676E72072AA383CE00010350 /* BerkelTabBar.swift */,
			);
			path = Components;
			sourceTree = "<group>";
		};
		677E67932AA35213001775E2 /* Controllers */ = {
			isa = PBXGroup;
			children = (
				677E67942AA3521B001775E2 /* Buying */,
				677E67952AA35225001775E2 /* Worker */,
				677E67962AA35229001775E2 /* Seller */,
				677E67972AA3522C001775E2 /* Settings */,
			);
			path = Controllers;
			sourceTree = "<group>";
		};
		677E67942AA3521B001775E2 /* Buying */ = {
			isa = PBXGroup;
			children = (
				677E67982AA35238001775E2 /* BuyingViewController */,
			);
			path = Buying;
			sourceTree = "<group>";
		};
		677E67952AA35225001775E2 /* Worker */ = {
			isa = PBXGroup;
			children = (
				677E67992AA35240001775E2 /* WorkerViewController */,
			);
			path = Worker;
			sourceTree = "<group>";
		};
		677E67962AA35229001775E2 /* Seller */ = {
			isa = PBXGroup;
			children = (
				677E679A2AA35247001775E2 /* SellerViewController */,
			);
			path = Seller;
			sourceTree = "<group>";
		};
		677E67972AA3522C001775E2 /* Settings */ = {
			isa = PBXGroup;
			children = (
				677E679B2AA3524D001775E2 /* SettingsViewController */,
			);
			path = Settings;
			sourceTree = "<group>";
		};
		677E67982AA35238001775E2 /* BuyingViewController */ = {
			isa = PBXGroup;
			children = (
				677E67F02AA354A4001775E2 /* Builder */,
				6710BF3E2AA7C514000034FD /* Model */,
				677E67F12AA354A4001775E2 /* Coordinator */,
				677E67F22AA354A5001775E2 /* Repository */,
				677E67EF2AA354A4001775E2 /* ViewModel */,
				677E67F32AA354A5001775E2 /* ViewController */,
			);
			path = BuyingViewController;
			sourceTree = "<group>";
		};
		677E67992AA35240001775E2 /* WorkerViewController */ = {
			isa = PBXGroup;
			children = (
				677E67E52AA3548D001775E2 /* Builder */,
				677E67E92AA3548D001775E2 /* Coordinator */,
				677E67E62AA3548D001775E2 /* Repository */,
				677E67E82AA3548D001775E2 /* ViewModel */,
				677E67E72AA3548D001775E2 /* ViewController */,
			);
			path = WorkerViewController;
			sourceTree = "<group>";
		};
		677E679A2AA35247001775E2 /* SellerViewController */ = {
			isa = PBXGroup;
			children = (
				677E67EE2AA35495001775E2 /* Builder */,
				677E67EC2AA35495001775E2 /* Coordinator */,
				677E67EB2AA35495001775E2 /* Repository */,
				677E67EA2AA35495001775E2 /* ViewModel */,
				677E67ED2AA35495001775E2 /* ViewController */,
			);
			path = SellerViewController;
			sourceTree = "<group>";
		};
		677E679B2AA3524D001775E2 /* SettingsViewController */ = {
			isa = PBXGroup;
			children = (
				677E67E32AA35477001775E2 /* Builder */,
				677E67E22AA35472001775E2 /* Coordinator */,
				677E67E42AA35480001775E2 /* Repository */,
				677E67E12AA3546B001775E2 /* ViewModel */,
				677E67E02AA35465001775E2 /* ViewController */,
			);
			path = SettingsViewController;
			sourceTree = "<group>";
		};
		677E67E02AA35465001775E2 /* ViewController */ = {
			isa = PBXGroup;
			children = (
				677E67D22AA35415001775E2 /* SettingsViewController.swift */,
				677E67D72AA35415001775E2 /* SettingsViewController.xib */,
			);
			path = ViewController;
			sourceTree = "<group>";
		};
		677E67E12AA3546B001775E2 /* ViewModel */ = {
			isa = PBXGroup;
			children = (
				677E67D52AA35415001775E2 /* SettingsViewModel.swift */,
				677E67D12AA35415001775E2 /* SettingsUIModel.swift */,
			);
			path = ViewModel;
			sourceTree = "<group>";
		};
		677E67E22AA35472001775E2 /* Coordinator */ = {
			isa = PBXGroup;
			children = (
				677E67D02AA35415001775E2 /* SettingsCoordinator.swift */,
				677E67D62AA35415001775E2 /* SettingsPassData.swift */,
			);
			path = Coordinator;
			sourceTree = "<group>";
		};
		677E67E32AA35477001775E2 /* Builder */ = {
			isa = PBXGroup;
			children = (
				677E67D42AA35415001775E2 /* SettingsBuilder.swift */,
			);
			path = Builder;
			sourceTree = "<group>";
		};
		677E67E42AA35480001775E2 /* Repository */ = {
			isa = PBXGroup;
			children = (
				677E67D32AA35415001775E2 /* SettingsRepository.swift */,
			);
			path = Repository;
			sourceTree = "<group>";
		};
		677E67E52AA3548D001775E2 /* Builder */ = {
			isa = PBXGroup;
			children = (
				677E67B22AA353EA001775E2 /* WorkerBuilder.swift */,
			);
			path = Builder;
			sourceTree = "<group>";
		};
		677E67E62AA3548D001775E2 /* Repository */ = {
			isa = PBXGroup;
			children = (
				677E67B12AA353EA001775E2 /* WorkerRepository.swift */,
			);
			path = Repository;
			sourceTree = "<group>";
		};
		677E67E72AA3548D001775E2 /* ViewController */ = {
			isa = PBXGroup;
			children = (
				677E67B02AA353EA001775E2 /* WorkerViewController.swift */,
				677E67B52AA353EA001775E2 /* WorkerViewController.xib */,
			);
			path = ViewController;
			sourceTree = "<group>";
		};
		677E67E82AA3548D001775E2 /* ViewModel */ = {
			isa = PBXGroup;
			children = (
				677E67B32AA353EA001775E2 /* WorkerViewModel.swift */,
				677E67AF2AA353EA001775E2 /* WorkerUIModel.swift */,
			);
			path = ViewModel;
			sourceTree = "<group>";
		};
		677E67E92AA3548D001775E2 /* Coordinator */ = {
			isa = PBXGroup;
			children = (
				677E67AE2AA353EA001775E2 /* WorkerCoordinator.swift */,
				677E67B42AA353EA001775E2 /* WorkerPassData.swift */,
			);
			path = Coordinator;
			sourceTree = "<group>";
		};
		677E67EA2AA35495001775E2 /* ViewModel */ = {
			isa = PBXGroup;
			children = (
				677E67C52AA35403001775E2 /* SellerViewModel.swift */,
				677E67C12AA35403001775E2 /* SellerUIModel.swift */,
			);
			path = ViewModel;
			sourceTree = "<group>";
		};
		677E67EB2AA35495001775E2 /* Repository */ = {
			isa = PBXGroup;
			children = (
				677E67C32AA35403001775E2 /* SellerRepository.swift */,
			);
			path = Repository;
			sourceTree = "<group>";
		};
		677E67EC2AA35495001775E2 /* Coordinator */ = {
			isa = PBXGroup;
			children = (
				677E67C02AA35403001775E2 /* SellerCoordinator.swift */,
				677E67C62AA35403001775E2 /* SellerPassData.swift */,
			);
			path = Coordinator;
			sourceTree = "<group>";
		};
		677E67ED2AA35495001775E2 /* ViewController */ = {
			isa = PBXGroup;
			children = (
				677E67C22AA35403001775E2 /* SellerViewController.swift */,
				677E67C72AA35403001775E2 /* SellerViewController.xib */,
			);
			path = ViewController;
			sourceTree = "<group>";
		};
		677E67EE2AA35495001775E2 /* Builder */ = {
			isa = PBXGroup;
			children = (
				677E67C42AA35403001775E2 /* SellerBuilder.swift */,
			);
			path = Builder;
			sourceTree = "<group>";
		};
		677E67EF2AA354A4001775E2 /* ViewModel */ = {
			isa = PBXGroup;
			children = (
				677E67A12AA353D2001775E2 /* BuyingViewModel.swift */,
				677E679D2AA353D2001775E2 /* BuyingUIModel.swift */,
			);
			path = ViewModel;
			sourceTree = "<group>";
		};
		677E67F02AA354A4001775E2 /* Builder */ = {
			isa = PBXGroup;
			children = (
				677E67A02AA353D2001775E2 /* BuyingBuilder.swift */,
			);
			path = Builder;
			sourceTree = "<group>";
		};
		677E67F12AA354A4001775E2 /* Coordinator */ = {
			isa = PBXGroup;
			children = (
				677E679C2AA353D2001775E2 /* BuyingCoordinator.swift */,
				677E67A22AA353D2001775E2 /* BuyingPassData.swift */,
			);
			path = Coordinator;
			sourceTree = "<group>";
		};
		677E67F22AA354A5001775E2 /* Repository */ = {
			isa = PBXGroup;
			children = (
				677E679F2AA353D2001775E2 /* BuyingRepository.swift */,
			);
			path = Repository;
			sourceTree = "<group>";
		};
		677E67F32AA354A5001775E2 /* ViewController */ = {
			isa = PBXGroup;
			children = (
				677E679E2AA353D2001775E2 /* BuyingViewController.swift */,
				677E67A32AA353D2001775E2 /* BuyingViewController.xib */,
			);
			path = ViewController;
			sourceTree = "<group>";
		};
		678B537D2AA25F72003F4355 /* Bases */ = {
			isa = PBXGroup;
			children = (
				676580AB2AA863E900A0549E /* ViewController */,
				676580AC2AA863F000A0549E /* NavigationController */,
				676580AE2AA863FE00A0549E /* TabbarController */,
				676580AD2AA863F700A0549E /* ViewModel */,
			);
			path = Bases;
			sourceTree = "<group>";
		};
		678B53852AA261AA003F4355 /* Coordinator */ = {
			isa = PBXGroup;
			children = (
				678B53892AA261E0003F4355 /* Coordinator.swift */,
				678B539D2AA266FE003F4355 /* AppCoordinator.swift */,
				677E678D2AA346EB001775E2 /* MainTabbarCoordinator.swift */,
			);
			path = Coordinator;
			sourceTree = "<group>";
		};
		678B538B2AA26223003F4355 /* Extensions */ = {
			isa = PBXGroup;
			children = (
				678B53972AA263E9003F4355 /* UIColor+Extensions.swift */,
				678B538C2AA26241003F4355 /* UIApplication+Extensions.swift */,
				678B53912AA26303003F4355 /* UIViewController+Extensions.swift */,
				678B53992AA264B0003F4355 /* UIView+Extensions.swift */,
				678B539B2AA2662F003F4355 /* Window+Extensions.swift */,
				678B539F2AA268E5003F4355 /* UINavigationController+Extensions.swift */,
				677E67912AA3506A001775E2 /* DispatchQueue+Extensions.swift */,
				676E72092AA3852D00010350 /* CGFloat+Extension.swift */,
				676E720B2AA3855E00010350 /* UIScreen+Extension.swift */,
			);
			path = Extensions;
			sourceTree = "<group>";
		};
		678B538E2AA262A7003F4355 /* Helpsers */ = {
			isa = PBXGroup;
			children = (
				678B538F2AA262BA003F4355 /* WindowHelper.swift */,
			);
			path = Helpsers;
			sourceTree = "<group>";
		};
		678B53932AA2639E003F4355 /* Libs */ = {
			isa = PBXGroup;
			children = (
				6797F01C2AA4968500638C09 /* CombineFirebae */,
				678B53942AA263A3003F4355 /* Toast */,
			);
			path = Libs;
			sourceTree = "<group>";
		};
		678B53942AA263A3003F4355 /* Toast */ = {
			isa = PBXGroup;
			children = (
				678B53952AA263AF003F4355 /* Toast.swift */,
			);
			path = Toast;
			sourceTree = "<group>";
		};
		6797F01C2AA4968500638C09 /* CombineFirebae */ = {
			isa = PBXGroup;
			children = (
				6797F05E2AA49BF100638C09 /* README.md */,
				6797F0312AA496C500638C09 /* Storage */,
				6797F0302AA496C000638C09 /* RemoteConfig */,
				6797F02F2AA496BA00638C09 /* Functions */,
				6797F02E2AA496B300638C09 /* Firestore */,
				6797F02D2AA496AE00638C09 /* Database */,
				6797F02C2AA496AA00638C09 /* Core */,
				6797F02B2AA496A400638C09 /* Auth */,
			);
			path = CombineFirebae;
			sourceTree = "<group>";
		};
		6797F02B2AA496A400638C09 /* Auth */ = {
			isa = PBXGroup;
			children = (
				6797F0342AA4973600638C09 /* Auth+Combine.swift */,
				6797F0322AA4973600638C09 /* PhoneAuthProvider+Combine.swift */,
				6797F0352AA4973600638C09 /* User+Combine.swift */,
				6797F0332AA4973600638C09 /* UserProfileChangeRequest+Combine.swift */,
			);
			path = Auth;
			sourceTree = "<group>";
		};
		6797F02C2AA496AA00638C09 /* Core */ = {
			isa = PBXGroup;
			children = (
				6797F03E2AA4974000638C09 /* Auth.swift */,
				6797F03C2AA4974000638C09 /* Database.swift */,
				6797F03D2AA4974000638C09 /* Firestore.swift */,
				6797F03B2AA4974000638C09 /* Functions.swift */,
				6797F03A2AA4974000638C09 /* RemoteConfig.swift */,
				6797F03F2AA4974000638C09 /* Storage.swift */,
			);
			path = Core;
			sourceTree = "<group>";
		};
		6797F02D2AA496AE00638C09 /* Database */ = {
			isa = PBXGroup;
			children = (
				6797F0462AA4974800638C09 /* DatabaseQuery+Combine.swift */,
				6797F0472AA4974800638C09 /* DatabaseReference+Combine.swift */,
			);
			path = Database;
			sourceTree = "<group>";
		};
		6797F02E2AA496B300638C09 /* Firestore */ = {
			isa = PBXGroup;
			children = (
				6797F04D2AA4975300638C09 /* CollectionReference+Combine.swift */,
				6797F04E2AA4975300638C09 /* DocumentReference+Combine.swift */,
				6797F04A2AA4975200638C09 /* Firestore+Combine.swift */,
				6797F04B2AA4975200638C09 /* FirestoreError.swift */,
				6797F04F2AA4975300638C09 /* Query+Combine.swift */,
				6797F04C2AA4975300638C09 /* WriteBatch+Combine.swift */,
			);
			path = Firestore;
			sourceTree = "<group>";
		};
		6797F02F2AA496BA00638C09 /* Functions */ = {
			isa = PBXGroup;
			children = (
				6797F0562AA4975C00638C09 /* HTTPSCallable+Combine.swift */,
			);
			path = Functions;
			sourceTree = "<group>";
		};
		6797F0302AA496C000638C09 /* RemoteConfig */ = {
			isa = PBXGroup;
			children = (
				6797F0582AA4976300638C09 /* RemoteConfig+Combine.swift */,
			);
			path = RemoteConfig;
			sourceTree = "<group>";
		};
		6797F0312AA496C500638C09 /* Storage */ = {
			isa = PBXGroup;
			children = (
				6797F05B2AA4976C00638C09 /* StorageObservabeTask+Combine.swift */,
				6797F05A2AA4976C00638C09 /* StorageReference+Combine.swift */,
			);
			path = Storage;
			sourceTree = "<group>";
		};
		67CC75A32AA25909003206F0 /* Resource */ = {
			isa = PBXGroup;
			children = (
				67F03E002AA110B500DBCD48 /* Assets.xcassets */,
				67CC75A52AA25A6F003206F0 /* Color.xcassets */,
			);
			path = Resource;
			sourceTree = "<group>";
		};
		67CC75A42AA25910003206F0 /* App */ = {
			isa = PBXGroup;
			children = (
				67F03DF72AA110B400DBCD48 /* AppDelegate.swift */,
				67F03E052AA110B500DBCD48 /* Info.plist */,
				67B903EF2AA928E4005A980C /* GoogleService-Info.plist */,
				678B53852AA261AA003F4355 /* Coordinator */,
			);
			path = App;
			sourceTree = "<group>";
		};
		67CC75A72AA25E85003206F0 /* UI */ = {
			isa = PBXGroup;
			children = (
				67CC75A82AA25E8D003206F0 /* Storyboard */,
				67CC75A92AA25EB6003206F0 /* Modules */,
			);
			path = UI;
			sourceTree = "<group>";
		};
		67CC75A82AA25E8D003206F0 /* Storyboard */ = {
			isa = PBXGroup;
			children = (
				67F03E022AA110B500DBCD48 /* LaunchScreen.storyboard */,
			);
			path = Storyboard;
			sourceTree = "<group>";
		};
		67CC75A92AA25EB6003206F0 /* Modules */ = {
			isa = PBXGroup;
			children = (
				676E72062AA383C200010350 /* Components */,
				678B537D2AA25F72003F4355 /* Bases */,
				67CC75AA2AA25EC7003206F0 /* Splash */,
				677E67932AA35213001775E2 /* Controllers */,
			);
			path = Modules;
			sourceTree = "<group>";
		};
		67CC75AA2AA25EC7003206F0 /* Splash */ = {
			isa = PBXGroup;
			children = (
				67CC75BF2AA25F12003206F0 /* Builder */,
				67CC75BE2AA25F0D003206F0 /* Coordinator */,
				67CC75BD2AA25F06003206F0 /* Repository */,
				67CC75BC2AA25F00003206F0 /* ViewModel */,
				67CC75BB2AA25EF4003206F0 /* ViewController */,
			);
			path = Splash;
			sourceTree = "<group>";
		};
		67CC75BB2AA25EF4003206F0 /* ViewController */ = {
			isa = PBXGroup;
			children = (
				67CC75AD2AA25EF1003206F0 /* SplashViewController.swift */,
				678B537B2AA25F61003F4355 /* SplashViewController.xib */,
			);
			path = ViewController;
			sourceTree = "<group>";
		};
		67CC75BC2AA25F00003206F0 /* ViewModel */ = {
			isa = PBXGroup;
			children = (
				67CC75B02AA25EF1003206F0 /* SplashViewModel.swift */,
				67CC75AC2AA25EF1003206F0 /* SplashUIModel.swift */,
			);
			path = ViewModel;
			sourceTree = "<group>";
		};
		67CC75BD2AA25F06003206F0 /* Repository */ = {
			isa = PBXGroup;
			children = (
				67CC75AE2AA25EF1003206F0 /* SplashRepository.swift */,
			);
			path = Repository;
			sourceTree = "<group>";
		};
		67CC75BE2AA25F0D003206F0 /* Coordinator */ = {
			isa = PBXGroup;
			children = (
				67CC75AB2AA25EF1003206F0 /* SplashCoordinator.swift */,
				67CC75B12AA25EF1003206F0 /* SplashPassData.swift */,
			);
			path = Coordinator;
			sourceTree = "<group>";
		};
		67CC75BF2AA25F12003206F0 /* Builder */ = {
			isa = PBXGroup;
			children = (
				67CC75AF2AA25EF1003206F0 /* SplashBuilder.swift */,
			);
			path = Builder;
			sourceTree = "<group>";
		};
		67F03DEB2AA110B400DBCD48 = {
			isa = PBXGroup;
			children = (
				67F03DF62AA110B400DBCD48 /* berkel */,
				67F03DF52AA110B400DBCD48 /* Products */,
				021BD24EB4D667DE9B943322 /* Pods */,
				6D84388BF939FB120247B599 /* Frameworks */,
			);
			sourceTree = "<group>";
		};
		67F03DF52AA110B400DBCD48 /* Products */ = {
			isa = PBXGroup;
			children = (
				67F03DF42AA110B400DBCD48 /* berkel.app */,
			);
			name = Products;
			sourceTree = "<group>";
		};
		67F03DF62AA110B400DBCD48 /* berkel */ = {
			isa = PBXGroup;
			children = (
				67CC75A32AA25909003206F0 /* Resource */,
				67CC75A42AA25910003206F0 /* App */,
				6710BF3A2AA7AD29000034FD /* Data */,
				678B53932AA2639E003F4355 /* Libs */,
				67CC75A72AA25E85003206F0 /* UI */,
				678B538B2AA26223003F4355 /* Extensions */,
				678B538E2AA262A7003F4355 /* Helpsers */,
			);
			path = berkel;
			sourceTree = "<group>";
		};
		6D84388BF939FB120247B599 /* Frameworks */ = {
			isa = PBXGroup;
			children = (
				16F7E776642F8DE13FF34F1D /* Pods_berkel.framework */,
			);
			name = Frameworks;
			sourceTree = "<group>";
		};
/* End PBXGroup section */

/* Begin PBXNativeTarget section */
		67F03DF32AA110B400DBCD48 /* berkel */ = {
			isa = PBXNativeTarget;
			buildConfigurationList = 67F03E082AA110B500DBCD48 /* Build configuration list for PBXNativeTarget "berkel" */;
			buildPhases = (
				E2E3C9A2596A20ED5AA82C43 /* [CP] Check Pods Manifest.lock */,
				67F03DF02AA110B400DBCD48 /* Sources */,
				67F03DF12AA110B400DBCD48 /* Frameworks */,
				67F03DF22AA110B400DBCD48 /* Resources */,
				F934BCAAEB716A287DF14779 /* [CP] Embed Pods Frameworks */,
			);
			buildRules = (
			);
			dependencies = (
			);
			name = berkel;
			productName = berkel;
			productReference = 67F03DF42AA110B400DBCD48 /* berkel.app */;
			productType = "com.apple.product-type.application";
		};
/* End PBXNativeTarget section */

/* Begin PBXProject section */
		67F03DEC2AA110B400DBCD48 /* Project object */ = {
			isa = PBXProject;
			attributes = {
				BuildIndependentTargetsInParallel = 1;
				LastSwiftUpdateCheck = 1420;
				LastUpgradeCheck = 1420;
				TargetAttributes = {
					67F03DF32AA110B400DBCD48 = {
						CreatedOnToolsVersion = 14.2;
					};
				};
			};
			buildConfigurationList = 67F03DEF2AA110B400DBCD48 /* Build configuration list for PBXProject "berkel" */;
			compatibilityVersion = "Xcode 14.0";
			developmentRegion = en;
			hasScannedForEncodings = 0;
			knownRegions = (
				en,
				Base,
			);
			mainGroup = 67F03DEB2AA110B400DBCD48;
			productRefGroup = 67F03DF52AA110B400DBCD48 /* Products */;
			projectDirPath = "";
			projectRoot = "";
			targets = (
				67F03DF32AA110B400DBCD48 /* berkel */,
			);
		};
/* End PBXProject section */

/* Begin PBXResourcesBuildPhase section */
		67F03DF22AA110B400DBCD48 /* Resources */ = {
			isa = PBXResourcesBuildPhase;
			buildActionMask = 2147483647;
			files = (
				67F03E042AA110B500DBCD48 /* LaunchScreen.storyboard in Resources */,
				67F03E012AA110B500DBCD48 /* Assets.xcassets in Resources */,
				67CC75A62AA25A6F003206F0 /* Color.xcassets in Resources */,
				677E67DF2AA35415001775E2 /* SettingsViewController.xib in Resources */,
				677E67CF2AA35403001775E2 /* SellerViewController.xib in Resources */,
				677E67AB2AA353D2001775E2 /* BuyingViewController.xib in Resources */,
				6797F05F2AA49BF100638C09 /* README.md in Resources */,
				67B903F02AA928E4005A980C /* GoogleService-Info.plist in Resources */,
				677E67BD2AA353EA001775E2 /* WorkerViewController.xib in Resources */,
				678B537C2AA25F61003F4355 /* SplashViewController.xib in Resources */,
			);
			runOnlyForDeploymentPostprocessing = 0;
		};
/* End PBXResourcesBuildPhase section */

/* Begin PBXShellScriptBuildPhase section */
		E2E3C9A2596A20ED5AA82C43 /* [CP] Check Pods Manifest.lock */ = {
			isa = PBXShellScriptBuildPhase;
			buildActionMask = 2147483647;
			files = (
			);
			inputFileListPaths = (
			);
			inputPaths = (
				"${PODS_PODFILE_DIR_PATH}/Podfile.lock",
				"${PODS_ROOT}/Manifest.lock",
			);
			name = "[CP] Check Pods Manifest.lock";
			outputFileListPaths = (
			);
			outputPaths = (
				"$(DERIVED_FILE_DIR)/Pods-berkel-checkManifestLockResult.txt",
			);
			runOnlyForDeploymentPostprocessing = 0;
			shellPath = /bin/sh;
			shellScript = "diff \"${PODS_PODFILE_DIR_PATH}/Podfile.lock\" \"${PODS_ROOT}/Manifest.lock\" > /dev/null\nif [ $? != 0 ] ; then\n    # print error to STDERR\n    echo \"error: The sandbox is not in sync with the Podfile.lock. Run 'pod install' or update your CocoaPods installation.\" >&2\n    exit 1\nfi\n# This output is used by Xcode 'outputs' to avoid re-running this script phase.\necho \"SUCCESS\" > \"${SCRIPT_OUTPUT_FILE_0}\"\n";
			showEnvVarsInLog = 0;
		};
		F934BCAAEB716A287DF14779 /* [CP] Embed Pods Frameworks */ = {
			isa = PBXShellScriptBuildPhase;
			buildActionMask = 2147483647;
			files = (
			);
			inputFileListPaths = (
				"${PODS_ROOT}/Target Support Files/Pods-berkel/Pods-berkel-frameworks-${CONFIGURATION}-input-files.xcfilelist",
			);
			name = "[CP] Embed Pods Frameworks";
			outputFileListPaths = (
				"${PODS_ROOT}/Target Support Files/Pods-berkel/Pods-berkel-frameworks-${CONFIGURATION}-output-files.xcfilelist",
			);
			runOnlyForDeploymentPostprocessing = 0;
			shellPath = /bin/sh;
			shellScript = "\"${PODS_ROOT}/Target Support Files/Pods-berkel/Pods-berkel-frameworks.sh\"\n";
			showEnvVarsInLog = 0;
		};
/* End PBXShellScriptBuildPhase section */

/* Begin PBXSourcesBuildPhase section */
		67F03DF02AA110B400DBCD48 /* Sources */ = {
			isa = PBXSourcesBuildPhase;
			buildActionMask = 2147483647;
			files = (
				6797F0442AA4974000638C09 /* Auth.swift in Sources */,
				6797F05C2AA4976C00638C09 /* StorageReference+Combine.swift in Sources */,
				677E67D92AA35415001775E2 /* SettingsUIModel.swift in Sources */,
				67CC75B62AA25EF1003206F0 /* SplashRepository.swift in Sources */,
				678B53962AA263AF003F4355 /* Toast.swift in Sources */,
				67B903EC2AA8F6A4005A980C /* DocumentServiceType.swift in Sources */,
				6710BF422AA7C7AB000034FD /* CollectionServiceType.swift in Sources */,
				678B538A2AA261E0003F4355 /* Coordinator.swift in Sources */,
				6797F0402AA4974000638C09 /* RemoteConfig.swift in Sources */,
				676E72082AA383CE00010350 /* BerkelTabBar.swift in Sources */,
				677E67CB2AA35403001775E2 /* SellerRepository.swift in Sources */,
				678B53842AA260E9003F4355 /* BaseViewModel.swift in Sources */,
				677E67A42AA353D2001775E2 /* BuyingCoordinator.swift in Sources */,
				677E67C82AA35403001775E2 /* SellerCoordinator.swift in Sources */,
				677E67B72AA353EA001775E2 /* WorkerUIModel.swift in Sources */,
				67F03DF82AA110B400DBCD48 /* AppDelegate.swift in Sources */,
				6797F0542AA4975300638C09 /* DocumentReference+Combine.swift in Sources */,
				677E67DE2AA35415001775E2 /* SettingsPassData.swift in Sources */,
				677E67B82AA353EA001775E2 /* WorkerViewController.swift in Sources */,
				678B538D2AA26241003F4355 /* UIApplication+Extensions.swift in Sources */,
				677E678C2AA34202001775E2 /* MainTabbarController.swift in Sources */,
				6797F0502AA4975300638C09 /* Firestore+Combine.swift in Sources */,
				677E67CC2AA35403001775E2 /* SellerBuilder.swift in Sources */,
				6710BF392AA79B7B000034FD /* BaseRepository.swift in Sources */,
				6797F0552AA4975300638C09 /* Query+Combine.swift in Sources */,
				67CC75B72AA25EF1003206F0 /* SplashBuilder.swift in Sources */,
				677E67922AA3506A001775E2 /* DispatchQueue+Extensions.swift in Sources */,
				677E67A62AA353D2001775E2 /* BuyingViewController.swift in Sources */,
				6710BF402AA7C526000034FD /* BuyingResponseModel.swift in Sources */,
				677E67A52AA353D2001775E2 /* BuyingUIModel.swift in Sources */,
				677E67C92AA35403001775E2 /* SellerUIModel.swift in Sources */,
				6797F0452AA4974000638C09 /* Storage.swift in Sources */,
				677E67D82AA35415001775E2 /* SettingsCoordinator.swift in Sources */,
				6797F0412AA4974000638C09 /* Functions.swift in Sources */,
				6797F05D2AA4976C00638C09 /* StorageObservabeTask+Combine.swift in Sources */,
				6797F0492AA4974800638C09 /* DatabaseReference+Combine.swift in Sources */,
				677E67DC2AA35415001775E2 /* SettingsBuilder.swift in Sources */,
				67CC75B92AA25EF1003206F0 /* SplashPassData.swift in Sources */,
				675129E12AAC679500429CB7 /* FirestoreErrorHandle.swift in Sources */,
				678B53922AA26303003F4355 /* UIViewController+Extensions.swift in Sources */,
				677E67AA2AA353D2001775E2 /* BuyingPassData.swift in Sources */,
				675129E52AAC686200429CB7 /* NetworkingError.swift in Sources */,
				677E67CE2AA35403001775E2 /* SellerPassData.swift in Sources */,
				6797F0432AA4974000638C09 /* Firestore.swift in Sources */,
				678B53812AA25FC3003F4355 /* BerkelBaseViewController.swift in Sources */,
				677E67CD2AA35403001775E2 /* SellerViewModel.swift in Sources */,
				67CC75B82AA25EF1003206F0 /* SplashViewModel.swift in Sources */,
				6797F0482AA4974800638C09 /* DatabaseQuery+Combine.swift in Sources */,
				677E678E2AA346EB001775E2 /* MainTabbarCoordinator.swift in Sources */,
				6797F0422AA4974000638C09 /* Database.swift in Sources */,
				677E67A82AA353D2001775E2 /* BuyingBuilder.swift in Sources */,
				6797F0572AA4975C00638C09 /* HTTPSCallable+Combine.swift in Sources */,
				67CC75B42AA25EF1003206F0 /* SplashUIModel.swift in Sources */,
				677E67DA2AA35415001775E2 /* SettingsViewController.swift in Sources */,
				678B539E2AA266FE003F4355 /* AppCoordinator.swift in Sources */,
				677E67BA2AA353EA001775E2 /* WorkerBuilder.swift in Sources */,
				677E67BC2AA353EA001775E2 /* WorkerPassData.swift in Sources */,
				677E67CA2AA35403001775E2 /* SellerViewController.swift in Sources */,
				677E67B92AA353EA001775E2 /* WorkerRepository.swift in Sources */,
				676E720A2AA3852D00010350 /* CGFloat+Extension.swift in Sources */,
				678B53A02AA268E5003F4355 /* UINavigationController+Extensions.swift in Sources */,
				676E720C2AA3855E00010350 /* UIScreen+Extension.swift in Sources */,
				678B539A2AA264B0003F4355 /* UIView+Extensions.swift in Sources */,
				6797F0592AA4976300638C09 /* RemoteConfig+Combine.swift in Sources */,
				678B537F2AA25F88003F4355 /* MainBaseViewController.swift in Sources */,
				6797F0382AA4973600638C09 /* Auth+Combine.swift in Sources */,
				677E67A72AA353D2001775E2 /* BuyingRepository.swift in Sources */,
				677E67B62AA353EA001775E2 /* WorkerCoordinator.swift in Sources */,
				6797F0522AA4975300638C09 /* WriteBatch+Combine.swift in Sources */,
				677E67BB2AA353EA001775E2 /* WorkerViewModel.swift in Sources */,
				677E67902AA34751001775E2 /* MainNavigationController.swift in Sources */,
				678B539C2AA2662F003F4355 /* Window+Extensions.swift in Sources */,
				677E67DB2AA35415001775E2 /* SettingsRepository.swift in Sources */,
				6797F0512AA4975300638C09 /* FirestoreError.swift in Sources */,
				678B53902AA262BA003F4355 /* WindowHelper.swift in Sources */,
				6797F0392AA4973600638C09 /* User+Combine.swift in Sources */,
				677E67DD2AA35415001775E2 /* SettingsViewModel.swift in Sources */,
				6797F0372AA4973600638C09 /* UserProfileChangeRequest+Combine.swift in Sources */,
				6797F0362AA4973600638C09 /* PhoneAuthProvider+Combine.swift in Sources */,
				677E67A92AA353D2001775E2 /* BuyingViewModel.swift in Sources */,
				67CC75B32AA25EF1003206F0 /* SplashCoordinator.swift in Sources */,
				6797F0532AA4975300638C09 /* CollectionReference+Combine.swift in Sources */,
				6710BF3D2AA7AD48000034FD /* BuyingService.swift in Sources */,
				678B53982AA263E9003F4355 /* UIColor+Extensions.swift in Sources */,
				67CC75B52AA25EF1003206F0 /* SplashViewController.swift in Sources */,
			);
			runOnlyForDeploymentPostprocessing = 0;
		};
/* End PBXSourcesBuildPhase section */

/* Begin PBXVariantGroup section */
		67F03E022AA110B500DBCD48 /* LaunchScreen.storyboard */ = {
			isa = PBXVariantGroup;
			children = (
				67F03E032AA110B500DBCD48 /* Base */,
			);
			name = LaunchScreen.storyboard;
			sourceTree = "<group>";
		};
/* End PBXVariantGroup section */

/* Begin XCBuildConfiguration section */
		67F03E062AA110B500DBCD48 /* Debug */ = {
			isa = XCBuildConfiguration;
			buildSettings = {
				ALWAYS_SEARCH_USER_PATHS = NO;
				CLANG_ANALYZER_NONNULL = YES;
				CLANG_ANALYZER_NUMBER_OBJECT_CONVERSION = YES_AGGRESSIVE;
				CLANG_CXX_LANGUAGE_STANDARD = "gnu++20";
				CLANG_ENABLE_MODULES = YES;
				CLANG_ENABLE_OBJC_ARC = YES;
				CLANG_ENABLE_OBJC_WEAK = YES;
				CLANG_WARN_BLOCK_CAPTURE_AUTORELEASING = YES;
				CLANG_WARN_BOOL_CONVERSION = YES;
				CLANG_WARN_COMMA = YES;
				CLANG_WARN_CONSTANT_CONVERSION = YES;
				CLANG_WARN_DEPRECATED_OBJC_IMPLEMENTATIONS = YES;
				CLANG_WARN_DIRECT_OBJC_ISA_USAGE = YES_ERROR;
				CLANG_WARN_DOCUMENTATION_COMMENTS = YES;
				CLANG_WARN_EMPTY_BODY = YES;
				CLANG_WARN_ENUM_CONVERSION = YES;
				CLANG_WARN_INFINITE_RECURSION = YES;
				CLANG_WARN_INT_CONVERSION = YES;
				CLANG_WARN_NON_LITERAL_NULL_CONVERSION = YES;
				CLANG_WARN_OBJC_IMPLICIT_RETAIN_SELF = YES;
				CLANG_WARN_OBJC_LITERAL_CONVERSION = YES;
				CLANG_WARN_OBJC_ROOT_CLASS = YES_ERROR;
				CLANG_WARN_QUOTED_INCLUDE_IN_FRAMEWORK_HEADER = YES;
				CLANG_WARN_RANGE_LOOP_ANALYSIS = YES;
				CLANG_WARN_STRICT_PROTOTYPES = YES;
				CLANG_WARN_SUSPICIOUS_MOVE = YES;
				CLANG_WARN_UNGUARDED_AVAILABILITY = YES_AGGRESSIVE;
				CLANG_WARN_UNREACHABLE_CODE = YES;
				CLANG_WARN__DUPLICATE_METHOD_MATCH = YES;
				COPY_PHASE_STRIP = NO;
				DEBUG_INFORMATION_FORMAT = dwarf;
				ENABLE_STRICT_OBJC_MSGSEND = YES;
				ENABLE_TESTABILITY = YES;
				GCC_C_LANGUAGE_STANDARD = gnu11;
				GCC_DYNAMIC_NO_PIC = NO;
				GCC_NO_COMMON_BLOCKS = YES;
				GCC_OPTIMIZATION_LEVEL = 0;
				GCC_PREPROCESSOR_DEFINITIONS = (
					"DEBUG=1",
					"$(inherited)",
				);
				GCC_WARN_64_TO_32_BIT_CONVERSION = YES;
				GCC_WARN_ABOUT_RETURN_TYPE = YES_ERROR;
				GCC_WARN_UNDECLARED_SELECTOR = YES;
				GCC_WARN_UNINITIALIZED_AUTOS = YES_AGGRESSIVE;
				GCC_WARN_UNUSED_FUNCTION = YES;
				GCC_WARN_UNUSED_VARIABLE = YES;
				IPHONEOS_DEPLOYMENT_TARGET = 13.0;
				MTL_ENABLE_DEBUG_INFO = INCLUDE_SOURCE;
				MTL_FAST_MATH = YES;
				ONLY_ACTIVE_ARCH = YES;
				SDKROOT = iphoneos;
				SWIFT_ACTIVE_COMPILATION_CONDITIONS = DEBUG;
				SWIFT_OPTIMIZATION_LEVEL = "-Onone";
			};
			name = Debug;
		};
		67F03E072AA110B500DBCD48 /* Release */ = {
			isa = XCBuildConfiguration;
			buildSettings = {
				ALWAYS_SEARCH_USER_PATHS = NO;
				CLANG_ANALYZER_NONNULL = YES;
				CLANG_ANALYZER_NUMBER_OBJECT_CONVERSION = YES_AGGRESSIVE;
				CLANG_CXX_LANGUAGE_STANDARD = "gnu++20";
				CLANG_ENABLE_MODULES = YES;
				CLANG_ENABLE_OBJC_ARC = YES;
				CLANG_ENABLE_OBJC_WEAK = YES;
				CLANG_WARN_BLOCK_CAPTURE_AUTORELEASING = YES;
				CLANG_WARN_BOOL_CONVERSION = YES;
				CLANG_WARN_COMMA = YES;
				CLANG_WARN_CONSTANT_CONVERSION = YES;
				CLANG_WARN_DEPRECATED_OBJC_IMPLEMENTATIONS = YES;
				CLANG_WARN_DIRECT_OBJC_ISA_USAGE = YES_ERROR;
				CLANG_WARN_DOCUMENTATION_COMMENTS = YES;
				CLANG_WARN_EMPTY_BODY = YES;
				CLANG_WARN_ENUM_CONVERSION = YES;
				CLANG_WARN_INFINITE_RECURSION = YES;
				CLANG_WARN_INT_CONVERSION = YES;
				CLANG_WARN_NON_LITERAL_NULL_CONVERSION = YES;
				CLANG_WARN_OBJC_IMPLICIT_RETAIN_SELF = YES;
				CLANG_WARN_OBJC_LITERAL_CONVERSION = YES;
				CLANG_WARN_OBJC_ROOT_CLASS = YES_ERROR;
				CLANG_WARN_QUOTED_INCLUDE_IN_FRAMEWORK_HEADER = YES;
				CLANG_WARN_RANGE_LOOP_ANALYSIS = YES;
				CLANG_WARN_STRICT_PROTOTYPES = YES;
				CLANG_WARN_SUSPICIOUS_MOVE = YES;
				CLANG_WARN_UNGUARDED_AVAILABILITY = YES_AGGRESSIVE;
				CLANG_WARN_UNREACHABLE_CODE = YES;
				CLANG_WARN__DUPLICATE_METHOD_MATCH = YES;
				COPY_PHASE_STRIP = NO;
				DEBUG_INFORMATION_FORMAT = "dwarf-with-dsym";
				ENABLE_NS_ASSERTIONS = NO;
				ENABLE_STRICT_OBJC_MSGSEND = YES;
				GCC_C_LANGUAGE_STANDARD = gnu11;
				GCC_NO_COMMON_BLOCKS = YES;
				GCC_WARN_64_TO_32_BIT_CONVERSION = YES;
				GCC_WARN_ABOUT_RETURN_TYPE = YES_ERROR;
				GCC_WARN_UNDECLARED_SELECTOR = YES;
				GCC_WARN_UNINITIALIZED_AUTOS = YES_AGGRESSIVE;
				GCC_WARN_UNUSED_FUNCTION = YES;
				GCC_WARN_UNUSED_VARIABLE = YES;
				IPHONEOS_DEPLOYMENT_TARGET = 13.0;
				MTL_ENABLE_DEBUG_INFO = NO;
				MTL_FAST_MATH = YES;
				SDKROOT = iphoneos;
				SWIFT_COMPILATION_MODE = wholemodule;
				SWIFT_OPTIMIZATION_LEVEL = "-O";
				VALIDATE_PRODUCT = YES;
			};
			name = Release;
		};
		67F03E092AA110B500DBCD48 /* Debug */ = {
			isa = XCBuildConfiguration;
			baseConfigurationReference = 60657F612E104FB58D480D60 /* Pods-berkel.debug.xcconfig */;
			buildSettings = {
				ASSETCATALOG_COMPILER_APPICON_NAME = AppIcon;
				ASSETCATALOG_COMPILER_GLOBAL_ACCENT_COLOR_NAME = AccentColor;
				CODE_SIGN_STYLE = Automatic;
				CURRENT_PROJECT_VERSION = 1;
				DEVELOPMENT_TEAM = WQ9U34VGT6;
				GENERATE_INFOPLIST_FILE = YES;
				INFOPLIST_FILE = berkel/App/Info.plist;
				INFOPLIST_KEY_CFBundleDisplayName = Berkel;
				INFOPLIST_KEY_LSApplicationCategoryType = "public.app-category.utilities";
				INFOPLIST_KEY_UIApplicationSupportsIndirectInputEvents = YES;
				INFOPLIST_KEY_UILaunchStoryboardName = LaunchScreen;
				INFOPLIST_KEY_UIRequiredDeviceCapabilities = arm7;
				INFOPLIST_KEY_UISupportedInterfaceOrientations = UIInterfaceOrientationPortrait;
				INFOPLIST_KEY_UIUserInterfaceStyle = Light;
				IPHONEOS_DEPLOYMENT_TARGET = 13.0;
				LD_RUNPATH_SEARCH_PATHS = (
					"$(inherited)",
					"@executable_path/Frameworks",
				);
				MARKETING_VERSION = 1.0;
				PRODUCT_BUNDLE_IDENTIFIER = com.jobi.berkel;
				PRODUCT_NAME = "$(TARGET_NAME)";
				SWIFT_EMIT_LOC_STRINGS = YES;
				SWIFT_VERSION = 5.0;
				TARGETED_DEVICE_FAMILY = "1,2";
			};
			name = Debug;
		};
		67F03E0A2AA110B500DBCD48 /* Release */ = {
			isa = XCBuildConfiguration;
			baseConfigurationReference = 56405BF4CD5A8FE4115246B1 /* Pods-berkel.release.xcconfig */;
			buildSettings = {
				ASSETCATALOG_COMPILER_APPICON_NAME = AppIcon;
				ASSETCATALOG_COMPILER_GLOBAL_ACCENT_COLOR_NAME = AccentColor;
				CODE_SIGN_STYLE = Automatic;
				CURRENT_PROJECT_VERSION = 1;
				DEVELOPMENT_TEAM = WQ9U34VGT6;
				GENERATE_INFOPLIST_FILE = YES;
				INFOPLIST_FILE = berkel/App/Info.plist;
				INFOPLIST_KEY_CFBundleDisplayName = Berkel;
				INFOPLIST_KEY_LSApplicationCategoryType = "public.app-category.utilities";
				INFOPLIST_KEY_UIApplicationSupportsIndirectInputEvents = YES;
				INFOPLIST_KEY_UILaunchStoryboardName = LaunchScreen;
				INFOPLIST_KEY_UIRequiredDeviceCapabilities = arm7;
				INFOPLIST_KEY_UISupportedInterfaceOrientations = UIInterfaceOrientationPortrait;
				INFOPLIST_KEY_UIUserInterfaceStyle = Light;
				IPHONEOS_DEPLOYMENT_TARGET = 13.0;
				LD_RUNPATH_SEARCH_PATHS = (
					"$(inherited)",
					"@executable_path/Frameworks",
				);
				MARKETING_VERSION = 1.0;
				PRODUCT_BUNDLE_IDENTIFIER = com.jobi.berkel;
				PRODUCT_NAME = "$(TARGET_NAME)";
				SWIFT_EMIT_LOC_STRINGS = YES;
				SWIFT_VERSION = 5.0;
				TARGETED_DEVICE_FAMILY = "1,2";
			};
			name = Release;
		};
/* End XCBuildConfiguration section */

/* Begin XCConfigurationList section */
		67F03DEF2AA110B400DBCD48 /* Build configuration list for PBXProject "berkel" */ = {
			isa = XCConfigurationList;
			buildConfigurations = (
				67F03E062AA110B500DBCD48 /* Debug */,
				67F03E072AA110B500DBCD48 /* Release */,
			);
			defaultConfigurationIsVisible = 0;
			defaultConfigurationName = Release;
		};
		67F03E082AA110B500DBCD48 /* Build configuration list for PBXNativeTarget "berkel" */ = {
			isa = XCConfigurationList;
			buildConfigurations = (
				67F03E092AA110B500DBCD48 /* Debug */,
				67F03E0A2AA110B500DBCD48 /* Release */,
			);
			defaultConfigurationIsVisible = 0;
			defaultConfigurationName = Release;
		};
/* End XCConfigurationList section */
	};
	rootObject = 67F03DEC2AA110B400DBCD48 /* Project object */;
}
